{
  "name": "manga-english-lab",
  "version": "0.0.0",
  "lockfileVersion": 3,
  "requires": true,
  "packages": {
    "": {
      "name": "manga-english-lab",
      "version": "0.0.0",
      "license": "MIT",
      "workspaces": [
        "client",
        "server"
      ],
      "engines": {
        "node": ">=20.11.0"
      }
    },
    "client": {
      "name": "@manga-english-lab/client",
      "version": "0.0.0"
    },
    "node_modules/@manga-english-lab/client": {
      "resolved": "client",
      "link": true
    },
    "node_modules/@manga-english-lab/server": {
      "resolved": "server",
      "link": true
    },
    "server": {
      "name": "@manga-english-lab/server",
      "version": "0.0.0"
    }
  }
}
